# THIS IS AN AUTOGENERATED FILE. DO NOT EDIT THIS FILE DIRECTLY.
# yarn lockfile v1


crc@3.4.0:
  version "3.4.0"
  resolved "https://registry.yarnpkg.com/crc/-/crc-3.4.0.tgz#4258e351613a74ef1153dfcb05e820c3e9715d7f"
  integrity sha1-QljjUWE6dO8RU9/LBeggw+lxXX8=

debug@^3.1.0:
  version "3.2.6"
  resolved "https://registry.yarnpkg.com/debug/-/debug-3.2.6.tgz#e83d17de16d8a7efb7717edbe5fb10135eee629b"
  integrity sha512-mel+jf7nrtEl5Pn1Qx46zARXKDpBbvzezse7p7LqINmdoIk8PYP5SySaxEmYv6TZ0JyEKA1hsCId6DIhgITtWQ==
  dependencies:
    ms "^2.1.1"

jsmodbus@^4.0.0:
  version "4.0.0"
  resolved "https://registry.yarnpkg.com/jsmodbus/-/jsmodbus-4.0.0.tgz#b2ce19212880cd33147f72c28b7ba0e583ef63f8"
  integrity sha512-25SbS8W49+ECsAZi28Q8OKUA/VrovoWf2z5RR2UDc4QUyttpETYfGwD9Sesw5QBvT6pTd73vLNPY+BqAGhbslw==
  dependencies:
    crc "3.4.0"
    debug "^3.1.0"

ms@^2.1.1:
  version "2.1.2"
  resolved "https://registry.yarnpkg.com/ms/-/ms-2.1.2.tgz#d09d1f357b443f493382a8eb3ccd183872ae6009"
  integrity sha512-sGkPx+VjMtmA6MX27oA4FBFELFCZZ4S4XqeGOXCv68tT+jb3vk/RyaKWP0PTKyWtmLSM0b+adUTEvbs1PEaH2w==
